
Microsoft Visual Studio Solution File, Format Version 12.00
# Visual Studio Version 17
VisualStudioVersion = 17.3.32901.215
MinimumVisualStudioVersion = 10.0.40219.1
Project("{2150E333-8FDC-42A3-9474-1A3956D46DE8}") = "src", "src", "{8B89A894-D813-4A1A-A8F1-B0B5952AD9C0}"
EndProject
Project("{2150E333-8FDC-42A3-9474-1A3956D46DE8}") = "tests", "tests", "{DA3CEA36-A343-4FD9-82CC-358B7D06AB2B}"
EndProject
Project("{9A19103F-16F7-4668-BE54-9A1E7A4F7556}") = "CM.TeamReportAPI", "src\CM.TeamReportAPI\CM.TeamReportAPI.csproj", "{D8A62CFF-94A6-4609-97F3-F515D8E2988F}"
EndProject
Project("{9A19103F-16F7-4668-BE54-9A1E7A4F7556}") = "CM.TeamReportAPI.UnitTests", "tests\CM.TeamReportAPI.UnitTests\CM.TeamReportAPI.UnitTests.csproj", "{84722B2B-4839-4BDD-9EE4-6D883D65FCF3}"
EndProject
Project("{00D1A9C2-B5F0-4AF3-8072-F6C62B433612}") = "CM.TeamReportDB", "src\CM.TeamReportDB\CM.TeamReportDB.sqlproj", "{8674B469-D173-4C0B-9852-0CDECDEF7FC9}"
EndProject
Global
	GlobalSection(SolutionConfigurationPlatforms) = preSolution
		Debug|Any CPU = Debug|Any CPU
		Release|Any CPU = Release|Any CPU
	EndGlobalSection
	GlobalSection(ProjectConfigurationPlatforms) = postSolution
		{D8A62CFF-94A6-4609-97F3-F515D8E2988F}.Debug|Any CPU.ActiveCfg = Debug|Any CPU
		{D8A62CFF-94A6-4609-97F3-F515D8E2988F}.Debug|Any CPU.Build.0 = Debug|Any CPU
		{D8A62CFF-94A6-4609-97F3-F515D8E2988F}.Release|Any CPU.ActiveCfg = Release|Any CPU
		{D8A62CFF-94A6-4609-97F3-F515D8E2988F}.Release|Any CPU.Build.0 = Release|Any CPU
		{84722B2B-4839-4BDD-9EE4-6D883D65FCF3}.Debug|Any CPU.ActiveCfg = Debug|Any CPU
		{84722B2B-4839-4BDD-9EE4-6D883D65FCF3}.Debug|Any CPU.Build.0 = Debug|Any CPU
		{84722B2B-4839-4BDD-9EE4-6D883D65FCF3}.Release|Any CPU.ActiveCfg = Release|Any CPU
		{84722B2B-4839-4BDD-9EE4-6D883D65FCF3}.Release|Any CPU.Build.0 = Release|Any CPU
		{8674B469-D173-4C0B-9852-0CDECDEF7FC9}.Debug|Any CPU.ActiveCfg = Debug|Any CPU
		{8674B469-D173-4C0B-9852-0CDECDEF7FC9}.Debug|Any CPU.Build.0 = Debug|Any CPU
		{8674B469-D173-4C0B-9852-0CDECDEF7FC9}.Debug|Any CPU.Deploy.0 = Debug|Any CPU
		{8674B469-D173-4C0B-9852-0CDECDEF7FC9}.Release|Any CPU.ActiveCfg = Release|Any CPU
		{8674B469-D173-4C0B-9852-0CDECDEF7FC9}.Release|Any CPU.Build.0 = Release|Any CPU
		{8674B469-D173-4C0B-9852-0CDECDEF7FC9}.Release|Any CPU.Deploy.0 = Release|Any CPU
	EndGlobalSection
	GlobalSection(SolutionProperties) = preSolution
		HideSolutionNode = FALSE
	EndGlobalSection
	GlobalSection(NestedProjects) = preSolution
		{D8A62CFF-94A6-4609-97F3-F515D8E2988F} = {8B89A894-D813-4A1A-A8F1-B0B5952AD9C0}
		{84722B2B-4839-4BDD-9EE4-6D883D65FCF3} = {DA3CEA36-A343-4FD9-82CC-358B7D06AB2B}
	EndGlobalSection
	GlobalSection(ExtensibilityGlobals) = postSolution
		SolutionGuid = {BE74406E-BED9-4898-8361-AD66685CCD11}
	EndGlobalSection
EndGlobal
